
Microsoft Visual Studio Solution File, Format Version 12.00
# Visual Studio Version 17
VisualStudioVersion = 17.6.33712.159
MinimumVisualStudioVersion = 10.0.40219.1
Project("{FAE04EC0-301F-11D3-BF4B-00C04F79EFBC}") = "Cafe", "Cafe\Cafe.csproj", "{81BC636E-669B-439D-94DB-7D79451FECC4}"
EndProject
Project("{FAE04EC0-301F-11D3-BF4B-00C04F79EFBC}") = "Cafe.Bll.Contracts", "Cafe.Bll.Contracts\Cafe.Bll.Contracts.csproj", "{6B91C789-C6CB-4578-94C1-8D3CB8DA1E9B}"
EndProject
Project("{FAE04EC0-301F-11D3-BF4B-00C04F79EFBC}") = "Cafe.Bll.Infrastructure", "Cafe.Bll.Infrastructure\Cafe.Bll.Infrastructure.csproj", "{3713438C-C3E9-4920-A4A1-7C563BE64AD5}"
EndProject
Project("{FAE04EC0-301F-11D3-BF4B-00C04F79EFBC}") = "Cafe.Dal.Contracts", "Cafe.Dal.Contracts\Cafe.Dal.Contracts.csproj", "{D9B9AF2C-D544-45EF-BCC6-F855630967CE}"
EndProject
Project("{FAE04EC0-301F-11D3-BF4B-00C04F79EFBC}") = "Cafe.Dal.Infrastructure", "Cafe.Dal.Infrastructure\Cafe.Dal.Infrastructure.csproj", "{63D24A32-CCFE-4945-B54F-9CE61D5293A8}"
EndProject
Global
	GlobalSection(SolutionConfigurationPlatforms) = preSolution
		Debug|Any CPU = Debug|Any CPU
		Release|Any CPU = Release|Any CPU
	EndGlobalSection
	GlobalSection(ProjectConfigurationPlatforms) = postSolution
		{81BC636E-669B-439D-94DB-7D79451FECC4}.Debug|Any CPU.ActiveCfg = Debug|Any CPU
		{81BC636E-669B-439D-94DB-7D79451FECC4}.Debug|Any CPU.Build.0 = Debug|Any CPU
		{81BC636E-669B-439D-94DB-7D79451FECC4}.Release|Any CPU.ActiveCfg = Release|Any CPU
		{81BC636E-669B-439D-94DB-7D79451FECC4}.Release|Any CPU.Build.0 = Release|Any CPU
		{6B91C789-C6CB-4578-94C1-8D3CB8DA1E9B}.Debug|Any CPU.ActiveCfg = Debug|Any CPU
		{6B91C789-C6CB-4578-94C1-8D3CB8DA1E9B}.Debug|Any CPU.Build.0 = Debug|Any CPU
		{6B91C789-C6CB-4578-94C1-8D3CB8DA1E9B}.Release|Any CPU.ActiveCfg = Release|Any CPU
		{6B91C789-C6CB-4578-94C1-8D3CB8DA1E9B}.Release|Any CPU.Build.0 = Release|Any CPU
		{3713438C-C3E9-4920-A4A1-7C563BE64AD5}.Debug|Any CPU.ActiveCfg = Debug|Any CPU
		{3713438C-C3E9-4920-A4A1-7C563BE64AD5}.Debug|Any CPU.Build.0 = Debug|Any CPU
		{3713438C-C3E9-4920-A4A1-7C563BE64AD5}.Release|Any CPU.ActiveCfg = Release|Any CPU
		{3713438C-C3E9-4920-A4A1-7C563BE64AD5}.Release|Any CPU.Build.0 = Release|Any CPU
		{D9B9AF2C-D544-45EF-BCC6-F855630967CE}.Debug|Any CPU.ActiveCfg = Debug|Any CPU
		{D9B9AF2C-D544-45EF-BCC6-F855630967CE}.Debug|Any CPU.Build.0 = Debug|Any CPU
		{D9B9AF2C-D544-45EF-BCC6-F855630967CE}.Release|Any CPU.ActiveCfg = Release|Any CPU
		{D9B9AF2C-D544-45EF-BCC6-F855630967CE}.Release|Any CPU.Build.0 = Release|Any CPU
		{63D24A32-CCFE-4945-B54F-9CE61D5293A8}.Debug|Any CPU.ActiveCfg = Debug|Any CPU
		{63D24A32-CCFE-4945-B54F-9CE61D5293A8}.Debug|Any CPU.Build.0 = Debug|Any CPU
		{63D24A32-CCFE-4945-B54F-9CE61D5293A8}.Release|Any CPU.ActiveCfg = Release|Any CPU
		{63D24A32-CCFE-4945-B54F-9CE61D5293A8}.Release|Any CPU.Build.0 = Release|Any CPU
	EndGlobalSection
	GlobalSection(SolutionProperties) = preSolution
		HideSolutionNode = FALSE
	EndGlobalSection
	GlobalSection(ExtensibilityGlobals) = postSolution
		SolutionGuid = {D28BD0BC-E729-47F8-A244-F2714542859D}
	EndGlobalSection
EndGlobal
